// !$*UTF8*$!
{
	archiveVersion = 1;
	classes = {
	};
	objectVersion = 55;
	objects = {

/* Begin PBXBuildFile section */
		47FEEF5226D50D2600D03011 /* Tests_iOS.swift in Sources */ = {isa = PBXBuildFile; fileRef = 47FEEF5126D50D2600D03011 /* Tests_iOS.swift */; };
		47FEEF5426D50D2600D03011 /* Tests_iOSLaunchTests.swift in Sources */ = {isa = PBXBuildFile; fileRef = 47FEEF5326D50D2600D03011 /* Tests_iOSLaunchTests.swift */; };
		47FEEF5E26D50D2600D03011 /* Tests_macOS.swift in Sources */ = {isa = PBXBuildFile; fileRef = 47FEEF5D26D50D2600D03011 /* Tests_macOS.swift */; };
		47FEEF6026D50D2600D03011 /* Tests_macOSLaunchTests.swift in Sources */ = {isa = PBXBuildFile; fileRef = 47FEEF5F26D50D2600D03011 /* Tests_macOSLaunchTests.swift */; };
		47FEEF6126D50D2600D03011 /* UI_293App.swift in Sources */ = {isa = PBXBuildFile; fileRef = 47FEEF3B26D50D2400D03011 /* UI_293App.swift */; };
		47FEEF6226D50D2600D03011 /* UI_293App.swift in Sources */ = {isa = PBXBuildFile; fileRef = 47FEEF3B26D50D2400D03011 /* UI_293App.swift */; };
		47FEEF6326D50D2600D03011 /* ContentView.swift in Sources */ = {isa = PBXBuildFile; fileRef = 47FEEF3C26D50D2400D03011 /* ContentView.swift */; };
		47FEEF6426D50D2600D03011 /* ContentView.swift in Sources */ = {isa = PBXBuildFile; fileRef = 47FEEF3C26D50D2400D03011 /* ContentView.swift */; };
		47FEEF6526D50D2600D03011 /* Assets.xcassets in Resources */ = {isa = PBXBuildFile; fileRef = 47FEEF3D26D50D2600D03011 /* Assets.xcassets */; };
		47FEEF6626D50D2600D03011 /* Assets.xcassets in Resources */ = {isa = PBXBuildFile; fileRef = 47FEEF3D26D50D2600D03011 /* Assets.xcassets */; };
		47FEEF7826D50D3A00D03011 /* Home.swift in Sources */ = {isa = PBXBuildFile; fileRef = 47FEEF7726D50D3A00D03011 /* Home.swift */; };
		47FEEF7A26D50DB500D03011 /* Post.swift in Sources */ = {isa = PBXBuildFile; fileRef = 47FEEF7926D50DB500D03011 /* Post.swift */; };
		47FEEF7C26D50DD900D03011 /* StaggGrid.swift in Sources */ = {isa = PBXBuildFile; fileRef = 47FEEF7B26D50DD900D03011 /* StaggGrid.swift */; };
		47FEEF7E26D517B500D03011 /* ScrollRefleshable.swift in Sources */ = {isa = PBXBuildFile; fileRef = 47FEEF7D26D517B500D03011 /* ScrollRefleshable.swift */; };
/* End PBXBuildFile section */

/* Begin PBXContainerItemProxy section */
		47FEEF4E26D50D2600D03011 /* PBXContainerItemProxy */ = {
			isa = PBXContainerItemProxy;
			containerPortal = 47FEEF3626D50D2400D03011 /* Project object */;
			proxyType = 1;
			remoteGlobalIDString = 47FEEF4126D50D2600D03011;
			remoteInfo = "UI-293 (iOS)";
		};
		47FEEF5A26D50D2600D03011 /* PBXContainerItemProxy */ = {
			isa = PBXContainerItemProxy;
			containerPortal = 47FEEF3626D50D2400D03011 /* Project object */;
			proxyType = 1;
			remoteGlobalIDString = 47FEEF4726D50D2600D03011;
			remoteInfo = "UI-293 (macOS)";
		};
/* End PBXContainerItemProxy section */

/* Begin PBXFileReference section */
		47FEEF3B26D50D2400D03011 /* UI_293App.swift */ = {isa = PBXFileReference; lastKnownFileType = sourcecode.swift; path = UI_293App.swift; sourceTree = "<group>"; };
		47FEEF3C26D50D2400D03011 /* ContentView.swift */ = {isa = PBXFileReference; lastKnownFileType = sourcecode.swift; path = ContentView.swift; sourceTree = "<group>"; };
		47FEEF3D26D50D2600D03011 /* Assets.xcassets */ = {isa = PBXFileReference; lastKnownFileType = folder.assetcatalog; path = Assets.xcassets; sourceTree = "<group>"; };
		47FEEF4226D50D2600D03011 /* UI-293.app */ = {isa = PBXFileReference; explicitFileType = wrapper.application; includeInIndex = 0; path = "UI-293.app"; sourceTree = BUILT_PRODUCTS_DIR; };
		47FEEF4826D50D2600D03011 /* UI-293.app */ = {isa = PBXFileReference; explicitFileType = wrapper.application; includeInIndex = 0; path = "UI-293.app"; sourceTree = BUILT_PRODUCTS_DIR; };
		47FEEF4D26D50D2600D03011 /* Tests iOS.xctest */ = {isa = PBXFileReference; explicitFileType = wrapper.cfbundle; includeInIndex = 0; path = "Tests iOS.xctest"; sourceTree = BUILT_PRODUCTS_DIR; };
		47FEEF5126D50D2600D03011 /* Tests_iOS.swift */ = {isa = PBXFileReference; lastKnownFileType = sourcecode.swift; path = Tests_iOS.swift; sourceTree = "<group>"; };
		47FEEF5326D50D2600D03011 /* Tests_iOSLaunchTests.swift */ = {isa = PBXFileReference; lastKnownFileType = sourcecode.swift; path = Tests_iOSLaunchTests.swift; sourceTree = "<group>"; };
		47FEEF5926D50D2600D03011 /* Tests macOS.xctest */ = {isa = PBXFileReference; explicitFileType = wrapper.cfbundle; includeInIndex = 0; path = "Tests macOS.xctest"; sourceTree = BUILT_PRODUCTS_DIR; };
		47FEEF5D26D50D2600D03011 /* Tests_macOS.swift */ = {isa = PBXFileReference; lastKnownFileType = sourcecode.swift; path = Tests_macOS.swift; sourceTree = "<group>"; };
		47FEEF5F26D50D2600D03011 /* Tests_macOSLaunchTests.swift */ = {isa = PBXFileReference; lastKnownFileType = sourcecode.swift; path = Tests_macOSLaunchTests.swift; sourceTree = "<group>"; };
		47FEEF7726D50D3A00D03011 /* Home.swift */ = {isa = PBXFileReference; lastKnownFileType = sourcecode.swift; path = Home.swift; sourceTree = "<group>"; };
		47FEEF7926D50DB500D03011 /* Post.swift */ = {isa = PBXFileReference; lastKnownFileType = sourcecode.swift; path = Post.swift; sourceTree = "<group>"; };
		47FEEF7B26D50DD900D03011 /* StaggGrid.swift */ = {isa = PBXFileReference; lastKnownFileType = sourcecode.swift; path = StaggGrid.swift; sourceTree = "<group>"; };
		47FEEF7D26D517B500D03011 /* ScrollRefleshable.swift */ = {isa = PBXFileReference; lastKnownFileType = sourcecode.swift; path = ScrollRefleshable.swift; sourceTree = "<group>"; };
/* End PBXFileReference section */

/* Begin PBXFrameworksBuildPhase section */
		47FEEF3F26D50D2600D03011 /* Frameworks */ = {
			isa = PBXFrameworksBuildPhase;
			buildActionMask = 2147483647;
			files = (
			);
			runOnlyForDeploymentPostprocessing = 0;
		};
		47FEEF4526D50D2600D03011 /* Frameworks */ = {
			isa = PBXFrameworksBuildPhase;
			buildActionMask = 2147483647;
			files = (
			);
			runOnlyForDeploymentPostprocessing = 0;
		};
		47FEEF4A26D50D2600D03011 /* Frameworks */ = {
			isa = PBXFrameworksBuildPhase;
			buildActionMask = 2147483647;
			files = (
			);
			runOnlyForDeploymentPostprocessing = 0;
		};
		47FEEF5626D50D2600D03011 /* Frameworks */ = {
			isa = PBXFrameworksBuildPhase;
			buildActionMask = 2147483647;
			files = (
			);
			runOnlyForDeploymentPostprocessing = 0;
		};
/* End PBXFrameworksBuildPhase section */

/* Begin PBXGroup section */
		47FEEF3526D50D2400D03011 = {
			isa = PBXGroup;
			children = (
				47FEEF3A26D50D2400D03011 /* Shared */,
				47FEEF5026D50D2600D03011 /* Tests iOS */,
				47FEEF5C26D50D2600D03011 /* Tests macOS */,
				47FEEF4326D50D2600D03011 /* Products */,
			);
			sourceTree = "<group>";
		};
		47FEEF3A26D50D2400D03011 /* Shared */ = {
			isa = PBXGroup;
			children = (
				47FEEF7626D50D3100D03011 /* Model */,
				47FEEF7526D50D2C00D03011 /* View */,
				47FEEF3B26D50D2400D03011 /* UI_293App.swift */,
				47FEEF3C26D50D2400D03011 /* ContentView.swift */,
				47FEEF3D26D50D2600D03011 /* Assets.xcassets */,
			);
			path = Shared;
			sourceTree = "<group>";
		};
		47FEEF4326D50D2600D03011 /* Products */ = {
			isa = PBXGroup;
			children = (
				47FEEF4226D50D2600D03011 /* UI-293.app */,
				47FEEF4826D50D2600D03011 /* UI-293.app */,
				47FEEF4D26D50D2600D03011 /* Tests iOS.xctest */,
				47FEEF5926D50D2600D03011 /* Tests macOS.xctest */,
			);
			name = Products;
			sourceTree = "<group>";
		};
		47FEEF5026D50D2600D03011 /* Tests iOS */ = {
			isa = PBXGroup;
			children = (
				47FEEF5126D50D2600D03011 /* Tests_iOS.swift */,
				47FEEF5326D50D2600D03011 /* Tests_iOSLaunchTests.swift */,
			);
			path = "Tests iOS";
			sourceTree = "<group>";
		};
		47FEEF5C26D50D2600D03011 /* Tests macOS */ = {
			isa = PBXGroup;
			children = (
				47FEEF5D26D50D2600D03011 /* Tests_macOS.swift */,
				47FEEF5F26D50D2600D03011 /* Tests_macOSLaunchTests.swift */,
			);
			path = "Tests macOS";
			sourceTree = "<group>";
		};
		47FEEF7526D50D2C00D03011 /* View */ = {
			isa = PBXGroup;
			children = (
				47FEEF7726D50D3A00D03011 /* Home.swift */,
				47FEEF7B26D50DD900D03011 /* StaggGrid.swift */,
				47FEEF7D26D517B500D03011 /* ScrollRefleshable.swift */,
			);
			path = View;
			sourceTree = "<group>";
		};
		47FEEF7626D50D3100D03011 /* Model */ = {
			isa = PBXGroup;
			children = (
				47FEEF7926D50DB500D03011 /* Post.swift */,
			);
			path = Model;
			sourceTree = "<group>";
		};
/* End PBXGroup section */

/* Begin PBXNativeTarget section */
		47FEEF4126D50D2600D03011 /* UI-293 (iOS) */ = {
			isa = PBXNativeTarget;
			buildConfigurationList = 47FEEF6926D50D2600D03011 /* Build configuration list for PBXNativeTarget "UI-293 (iOS)" */;
			buildPhases = (
				47FEEF3E26D50D2600D03011 /* Sources */,
				47FEEF3F26D50D2600D03011 /* Frameworks */,
				47FEEF4026D50D2600D03011 /* Resources */,
			);
			buildRules = (
			);
			dependencies = (
			);
			name = "UI-293 (iOS)";
			productName = "UI-293 (iOS)";
			productReference = 47FEEF4226D50D2600D03011 /* UI-293.app */;
			productType = "com.apple.product-type.application";
		};
		47FEEF4726D50D2600D03011 /* UI-293 (macOS) */ = {
			isa = PBXNativeTarget;
			buildConfigurationList = 47FEEF6C26D50D2600D03011 /* Build configuration list for PBXNativeTarget "UI-293 (macOS)" */;
			buildPhases = (
				47FEEF4426D50D2600D03011 /* Sources */,
				47FEEF4526D50D2600D03011 /* Frameworks */,
				47FEEF4626D50D2600D03011 /* Resources */,
			);
			buildRules = (
			);
			dependencies = (
			);
			name = "UI-293 (macOS)";
			productName = "UI-293 (macOS)";
			productReference = 47FEEF4826D50D2600D03011 /* UI-293.app */;
			productType = "com.apple.product-type.application";
		};
		47FEEF4C26D50D2600D03011 /* Tests iOS */ = {
			isa = PBXNativeTarget;
			buildConfigurationList = 47FEEF6F26D50D2600D03011 /* Build configuration list for PBXNativeTarget "Tests iOS" */;
			buildPhases = (
				47FEEF4926D50D2600D03011 /* Sources */,
				47FEEF4A26D50D2600D03011 /* Frameworks */,
				47FEEF4B26D50D2600D03011 /* Resources */,
			);
			buildRules = (
			);
			dependencies = (
				47FEEF4F26D50D2600D03011 /* PBXTargetDependency */,
			);
			name = "Tests iOS";
			productName = "Tests iOS";
			productReference = 47FEEF4D26D50D2600D03011 /* Tests iOS.xctest */;
			productType = "com.apple.product-type.bundle.ui-testing";
		};
		47FEEF5826D50D2600D03011 /* Tests macOS */ = {
			isa = PBXNativeTarget;
			buildConfigurationList = 47FEEF7226D50D2600D03011 /* Build configuration list for PBXNativeTarget "Tests macOS" */;
			buildPhases = (
				47FEEF5526D50D2600D03011 /* Sources */,
				47FEEF5626D50D2600D03011 /* Frameworks */,
				47FEEF5726D50D2600D03011 /* Resources */,
			);
			buildRules = (
			);
			dependencies = (
				47FEEF5B26D50D2600D03011 /* PBXTargetDependency */,
			);
			name = "Tests macOS";
			productName = "Tests macOS";
			productReference = 47FEEF5926D50D2600D03011 /* Tests macOS.xctest */;
			productType = "com.apple.product-type.bundle.ui-testing";
		};
/* End PBXNativeTarget section */

/* Begin PBXProject section */
		47FEEF3626D50D2400D03011 /* Project object */ = {
			isa = PBXProject;
			attributes = {
				BuildIndependentTargetsInParallel = 1;
				LastSwiftUpdateCheck = 1300;
				LastUpgradeCheck = 1300;
				TargetAttributes = {
					47FEEF4126D50D2600D03011 = {
						CreatedOnToolsVersion = 13.0;
					};
					47FEEF4726D50D2600D03011 = {
						CreatedOnToolsVersion = 13.0;
					};
					47FEEF4C26D50D2600D03011 = {
						CreatedOnToolsVersion = 13.0;
						TestTargetID = 47FEEF4126D50D2600D03011;
					};
					47FEEF5826D50D2600D03011 = {
						CreatedOnToolsVersion = 13.0;
						TestTargetID = 47FEEF4726D50D2600D03011;
					};
				};
			};
			buildConfigurationList = 47FEEF3926D50D2400D03011 /* Build configuration list for PBXProject "UI-293" */;
			compatibilityVersion = "Xcode 13.0";
			developmentRegion = en;
			hasScannedForEncodings = 0;
			knownRegions = (
				en,
				Base,
			);
			mainGroup = 47FEEF3526D50D2400D03011;
			productRefGroup = 47FEEF4326D50D2600D03011 /* Products */;
			projectDirPath = "";
			projectRoot = "";
			targets = (
				47FEEF4126D50D2600D03011 /* UI-293 (iOS) */,
				47FEEF4726D50D2600D03011 /* UI-293 (macOS) */,
				47FEEF4C26D50D2600D03011 /* Tests iOS */,
				47FEEF5826D50D2600D03011 /* Tests macOS */,
			);
		};
/* End PBXProject section */

/* Begin PBXResourcesBuildPhase section */
		47FEEF4026D50D2600D03011 /* Resources */ = {
			isa = PBXResourcesBuildPhase;
			buildActionMask = 2147483647;
			files = (
				47FEEF6526D50D2600D03011 /* Assets.xcassets in Resources */,
			);
			runOnlyForDeploymentPostprocessing = 0;
		};
		47FEEF4626D50D2600D03011 /* Resources */ = {
			isa = PBXResourcesBuildPhase;
			buildActionMask = 2147483647;
			files = (
				47FEEF6626D50D2600D03011 /* Assets.xcassets in Resources */,
			);
			runOnlyForDeploymentPostprocessing = 0;
		};
		47FEEF4B26D50D2600D03011 /* Resources */ = {
			isa = PBXResourcesBuildPhase;
			buildActionMask = 2147483647;
			files = (
			);
			runOnlyForDeploymentPostprocessing = 0;
		};
		47FEEF5726D50D2600D03011 /* Resources */ = {
			isa = PBXResourcesBuildPhase;
			buildActionMask = 2147483647;
			files = (
			);
			runOnlyForDeploymentPostprocessing = 0;
		};
/* End PBXResourcesBuildPhase section */

/* Begin PBXSourcesBuildPhase section */
		47FEEF3E26D50D2600D03011 /* Sources */ = {
			isa = PBXSourcesBuildPhase;
			buildActionMask = 2147483647;
			files = (
				47FEEF6326D50D2600D03011 /* ContentView.swift in Sources */,
				47FEEF7C26D50DD900D03011 /* StaggGrid.swift in Sources */,
				47FEEF7826D50D3A00D03011 /* Home.swift in Sources */,
				47FEEF6126D50D2600D03011 /* UI_293App.swift in Sources */,
				47FEEF7E26D517B500D03011 /* ScrollRefleshable.swift in Sources */,
				47FEEF7A26D50DB500D03011 /* Post.swift in Sources */,
			);
			runOnlyForDeploymentPostprocessing = 0;
		};
		47FEEF4426D50D2600D03011 /* Sources */ = {
			isa = PBXSourcesBuildPhase;
			buildActionMask = 2147483647;
			files = (
				47FEEF6426D50D2600D03011 /* ContentView.swift in Sources */,
				47FEEF6226D50D2600D03011 /* UI_293App.swift in Sources */,
			);
			runOnlyForDeploymentPostprocessing = 0;
		};
		47FEEF4926D50D2600D03011 /* Sources */ = {
			isa = PBXSourcesBuildPhase;
			buildActionMask = 2147483647;
			files = (
				47FEEF5426D50D2600D03011 /* Tests_iOSLaunchTests.swift in Sources */,
				47FEEF5226D50D2600D03011 /* Tests_iOS.swift in Sources */,
			);
			runOnlyForDeploymentPostprocessing = 0;
		};
		47FEEF5526D50D2600D03011 /* Sources */ = {
			isa = PBXSourcesBuildPhase;
			buildActionMask = 2147483647;
			files = (
				47FEEF6026D50D2600D03011 /* Tests_macOSLaunchTests.swift in Sources */,
				47FEEF5E26D50D2600D03011 /* Tests_macOS.swift in Sources */,
			);
			runOnlyForDeploymentPostprocessing = 0;
		};
/* End PBXSourcesBuildPhase section */

/* Begin PBXTargetDependency section */
		47FEEF4F26D50D2600D03011 /* PBXTargetDependency */ = {
			isa = PBXTargetDependency;
			target = 47FEEF4126D50D2600D03011 /* UI-293 (iOS) */;
			targetProxy = 47FEEF4E26D50D2600D03011 /* PBXContainerItemProxy */;
		};
		47FEEF5B26D50D2600D03011 /* PBXTargetDependency */ = {
			isa = PBXTargetDependency;
			target = 47FEEF4726D50D2600D03011 /* UI-293 (macOS) */;
			targetProxy = 47FEEF5A26D50D2600D03011 /* PBXContainerItemProxy */;
		};
/* End PBXTargetDependency section */

/* Begin XCBuildConfiguration section */
		47FEEF6726D50D2600D03011 /* Debug */ = {
			isa = XCBuildConfiguration;
			buildSettings = {
				ALWAYS_SEARCH_USER_PATHS = NO;
				CLANG_ANALYZER_NONNULL = YES;
				CLANG_ANALYZER_NUMBER_OBJECT_CONVERSION = YES_AGGRESSIVE;
				CLANG_CXX_LANGUAGE_STANDARD = "gnu++17";
				CLANG_CXX_LIBRARY = "libc++";
				CLANG_ENABLE_MODULES = YES;
				CLANG_ENABLE_OBJC_ARC = YES;
				CLANG_ENABLE_OBJC_WEAK = YES;
				CLANG_WARN_BLOCK_CAPTURE_AUTORELEASING = YES;
				CLANG_WARN_BOOL_CONVERSION = YES;
				CLANG_WARN_COMMA = YES;
				CLANG_WARN_CONSTANT_CONVERSION = YES;
				CLANG_WARN_DEPRECATED_OBJC_IMPLEMENTATIONS = YES;
				CLANG_WARN_DIRECT_OBJC_ISA_USAGE = YES_ERROR;
				CLANG_WARN_DOCUMENTATION_COMMENTS = YES;
				CLANG_WARN_EMPTY_BODY = YES;
				CLANG_WARN_ENUM_CONVERSION = YES;
				CLANG_WARN_INFINITE_RECURSION = YES;
				CLANG_WARN_INT_CONVERSION = YES;
				CLANG_WARN_NON_LITERAL_NULL_CONVERSION = YES;
				CLANG_WARN_OBJC_IMPLICIT_RETAIN_SELF = YES;
				CLANG_WARN_OBJC_LITERAL_CONVERSION = YES;
				CLANG_WARN_OBJC_ROOT_CLASS = YES_ERROR;
				CLANG_WARN_QUOTED_INCLUDE_IN_FRAMEWORK_HEADER = YES;
				CLANG_WARN_RANGE_LOOP_ANALYSIS = YES;
				CLANG_WARN_STRICT_PROTOTYPES = YES;
				CLANG_WARN_SUSPICIOUS_MOVE = YES;
				CLANG_WARN_UNGUARDED_AVAILABILITY = YES_AGGRESSIVE;
				CLANG_WARN_UNREACHABLE_CODE = YES;
				CLANG_WARN__DUPLICATE_METHOD_MATCH = YES;
				COPY_PHASE_STRIP = NO;
				DEBUG_INFORMATION_FORMAT = dwarf;
				ENABLE_STRICT_OBJC_MSGSEND = YES;
				ENABLE_TESTABILITY = YES;
				GCC_C_LANGUAGE_STANDARD = gnu11;
				GCC_DYNAMIC_NO_PIC = NO;
				GCC_NO_COMMON_BLOCKS = YES;
				GCC_OPTIMIZATION_LEVEL = 0;
				GCC_PREPROCESSOR_DEFINITIONS = (
					"DEBUG=1",
					"$(inherited)",
				);
				GCC_WARN_64_TO_32_BIT_CONVERSION = YES;
				GCC_WARN_ABOUT_RETURN_TYPE = YES_ERROR;
				GCC_WARN_UNDECLARED_SELECTOR = YES;
				GCC_WARN_UNINITIALIZED_AUTOS = YES_AGGRESSIVE;
				GCC_WARN_UNUSED_FUNCTION = YES;
				GCC_WARN_UNUSED_VARIABLE = YES;
				MTL_ENABLE_DEBUG_INFO = INCLUDE_SOURCE;
				MTL_FAST_MATH = YES;
				ONLY_ACTIVE_ARCH = YES;
				SWIFT_ACTIVE_COMPILATION_CONDITIONS = DEBUG;
				SWIFT_OPTIMIZATION_LEVEL = "-Onone";
			};
			name = Debug;
		};
		47FEEF6826D50D2600D03011 /* Release */ = {
			isa = XCBuildConfiguration;
			buildSettings = {
				ALWAYS_SEARCH_USER_PATHS = NO;
				CLANG_ANALYZER_NONNULL = YES;
				CLANG_ANALYZER_NUMBER_OBJECT_CONVERSION = YES_AGGRESSIVE;
				CLANG_CXX_LANGUAGE_STANDARD = "gnu++17";
				CLANG_CXX_LIBRARY = "libc++";
				CLANG_ENABLE_MODULES = YES;
				CLANG_ENABLE_OBJC_ARC = YES;
				CLANG_ENABLE_OBJC_WEAK = YES;
				CLANG_WARN_BLOCK_CAPTURE_AUTORELEASING = YES;
				CLANG_WARN_BOOL_CONVERSION = YES;
				CLANG_WARN_COMMA = YES;
				CLANG_WARN_CONSTANT_CONVERSION = YES;
				CLANG_WARN_DEPRECATED_OBJC_IMPLEMENTATIONS = YES;
				CLANG_WARN_DIRECT_OBJC_ISA_USAGE = YES_ERROR;
				CLANG_WARN_DOCUMENTATION_COMMENTS = YES;
				CLANG_WARN_EMPTY_BODY = YES;
				CLANG_WARN_ENUM_CONVERSION = YES;
				CLANG_WARN_INFINITE_RECURSION = YES;
				CLANG_WARN_INT_CONVERSION = YES;
				CLANG_WARN_NON_LITERAL_NULL_CONVERSION = YES;
				CLANG_WARN_OBJC_IMPLICIT_RETAIN_SELF = YES;
				CLANG_WARN_OBJC_LITERAL_CONVERSION = YES;
				CLANG_WARN_OBJC_ROOT_CLASS = YES_ERROR;
				CLANG_WARN_QUOTED_INCLUDE_IN_FRAMEWORK_HEADER = YES;
				CLANG_WARN_RANGE_LOOP_ANALYSIS = YES;
				CLANG_WARN_STRICT_PROTOTYPES = YES;
				CLANG_WARN_SUSPICIOUS_MOVE = YES;
				CLANG_WARN_UNGUARDED_AVAILABILITY = YES_AGGRESSIVE;
				CLANG_WARN_UNREACHABLE_CODE = YES;
				CLANG_WARN__DUPLICATE_METHOD_MATCH = YES;
				COPY_PHASE_STRIP = NO;
				DEBUG_INFORMATION_FORMAT = "dwarf-with-dsym";
				ENABLE_NS_ASSERTIONS = NO;
				ENABLE_STRICT_OBJC_MSGSEND = YES;
				GCC_C_LANGUAGE_STANDARD = gnu11;
				GCC_NO_COMMON_BLOCKS = YES;
				GCC_WARN_64_TO_32_BIT_CONVERSION = YES;
				GCC_WARN_ABOUT_RETURN_TYPE = YES_ERROR;
				GCC_WARN_UNDECLARED_SELECTOR = YES;
				GCC_WARN_UNINITIALIZED_AUTOS = YES_AGGRESSIVE;
				GCC_WARN_UNUSED_FUNCTION = YES;
				GCC_WARN_UNUSED_VARIABLE = YES;
				MTL_ENABLE_DEBUG_INFO = NO;
				MTL_FAST_MATH = YES;
				SWIFT_COMPILATION_MODE = wholemodule;
				SWIFT_OPTIMIZATION_LEVEL = "-O";
			};
			name = Release;
		};
		47FEEF6A26D50D2600D03011 /* Debug */ = {
			isa = XCBuildConfiguration;
			buildSettings = {
				ASSETCATALOG_COMPILER_APPICON_NAME = AppIcon;
				ASSETCATALOG_COMPILER_GLOBAL_ACCENT_COLOR_NAME = AccentColor;
				CODE_SIGN_STYLE = Automatic;
				CURRENT_PROJECT_VERSION = 1;
				DEVELOPMENT_TEAM = 8CL4U468K5;
				ENABLE_PREVIEWS = YES;
				GENERATE_INFOPLIST_FILE = YES;
				INFOPLIST_KEY_UIApplicationSceneManifest_Generation = YES;
				INFOPLIST_KEY_UIApplicationSupportsIndirectInputEvents = YES;
				INFOPLIST_KEY_UILaunchScreen_Generation = YES;
				INFOPLIST_KEY_UISupportedInterfaceOrientations_iPad = "UIInterfaceOrientationPortrait UIInterfaceOrientationPortraitUpsideDown UIInterfaceOrientationLandscapeLeft UIInterfaceOrientationLandscapeRight";
				INFOPLIST_KEY_UISupportedInterfaceOrientations_iPhone = "UIInterfaceOrientationPortrait UIInterfaceOrientationLandscapeLeft UIInterfaceOrientationLandscapeRight";
				IPHONEOS_DEPLOYMENT_TARGET = 15.0;
				LD_RUNPATH_SEARCH_PATHS = (
					"$(inherited)",
					"@executable_path/Frameworks",
				);
				MARKETING_VERSION = 1.0;
				PRODUCT_BUNDLE_IDENTIFIER = "com.587.UI-293";
				PRODUCT_NAME = "UI-293";
				SDKROOT = iphoneos;
				SWIFT_EMIT_LOC_STRINGS = YES;
				SWIFT_VERSION = 5.0;
				TARGETED_DEVICE_FAMILY = "1,2";
			};
			name = Debug;
		};
		47FEEF6B26D50D2600D03011 /* Release */ = {
			isa = XCBuildConfiguration;
			buildSettings = {
				ASSETCATALOG_COMPILER_APPICON_NAME = AppIcon;
				ASSETCATALOG_COMPILER_GLOBAL_ACCENT_COLOR_NAME = AccentColor;
				CODE_SIGN_STYLE = Automatic;
				CURRENT_PROJECT_VERSION = 1;
				DEVELOPMENT_TEAM = 8CL4U468K5;
				ENABLE_PREVIEWS = YES;
				GENERATE_INFOPLIST_FILE = YES;
				INFOPLIST_KEY_UIApplicationSceneManifest_Generation = YES;
				INFOPLIST_KEY_UIApplicationSupportsIndirectInputEvents = YES;
				INFOPLIST_KEY_UILaunchScreen_Generation = YES;
				INFOPLIST_KEY_UISupportedInterfaceOrientations_iPad = "UIInterfaceOrientationPortrait UIInterfaceOrientationPortraitUpsideDown UIInterfaceOrientationLandscapeLeft UIInterfaceOrientationLandscapeRight";
				INFOPLIST_KEY_UISupportedInterfaceOrientations_iPhone = "UIInterfaceOrientationPortrait UIInterfaceOrientationLandscapeLeft UIInterfaceOrientationLandscapeRight";
				IPHONEOS_DEPLOYMENT_TARGET = 15.0;
				LD_RUNPATH_SEARCH_PATHS = (
					"$(inherited)",
					"@executable_path/Frameworks",
				);
				MARKETING_VERSION = 1.0;
				PRODUCT_BUNDLE_IDENTIFIER = "com.587.UI-293";
				PRODUCT_NAME = "UI-293";
				SDKROOT = iphoneos;
				SWIFT_EMIT_LOC_STRINGS = YES;
				SWIFT_VERSION = 5.0;
				TARGETED_DEVICE_FAMILY = "1,2";
				VALIDATE_PRODUCT = YES;
			};
			name = Release;
		};
		47FEEF6D26D50D2600D03011 /* Debug */ = {
			isa = XCBuildConfiguration;
			buildSettings = {
				ASSETCATALOG_COMPILER_APPICON_NAME = AppIcon;
				ASSETCATALOG_COMPILER_GLOBAL_ACCENT_COLOR_NAME = AccentColor;
				CODE_SIGN_STYLE = Automatic;
				COMBINE_HIDPI_IMAGES = YES;
				CURRENT_PROJECT_VERSION = 1;
				DEVELOPMENT_TEAM = 8CL4U468K5;
				ENABLE_APP_SANDBOX = YES;
				ENABLE_HARDENED_RUNTIME = YES;
				ENABLE_PREVIEWS = YES;
				ENABLE_USER_SELECTED_FILES = readonly;
				GENERATE_INFOPLIST_FILE = YES;
				INFOPLIST_KEY_NSHumanReadableCopyright = "";
				LD_RUNPATH_SEARCH_PATHS = (
					"$(inherited)",
					"@executable_path/../Frameworks",
				);
				MACOSX_DEPLOYMENT_TARGET = 11.0;
				MARKETING_VERSION = 1.0;
				PRODUCT_BUNDLE_IDENTIFIER = "com.587.UI-293";
				PRODUCT_NAME = "UI-293";
				SDKROOT = macosx;
				SWIFT_EMIT_LOC_STRINGS = YES;
				SWIFT_VERSION = 5.0;
			};
			name = Debug;
		};
		47FEEF6E26D50D2600D03011 /* Release */ = {
			isa = XCBuildConfiguration;
			buildSettings = {
				ASSETCATALOG_COMPILER_APPICON_NAME = AppIcon;
				ASSETCATALOG_COMPILER_GLOBAL_ACCENT_COLOR_NAME = AccentColor;
				CODE_SIGN_STYLE = Automatic;
				COMBINE_HIDPI_IMAGES = YES;
				CURRENT_PROJECT_VERSION = 1;
				DEVELOPMENT_TEAM = 8CL4U468K5;
				ENABLE_APP_SANDBOX = YES;
				ENABLE_HARDENED_RUNTIME = YES;
				ENABLE_PREVIEWS = YES;
				ENABLE_USER_SELECTED_FILES = readonly;
				GENERATE_INFOPLIST_FILE = YES;
				INFOPLIST_KEY_NSHumanReadableCopyright = "";
				LD_RUNPATH_SEARCH_PATHS = (
					"$(inherited)",
					"@executable_path/../Frameworks",
				);
				MACOSX_DEPLOYMENT_TARGET = 11.0;
				MARKETING_VERSION = 1.0;
				PRODUCT_BUNDLE_IDENTIFIER = "com.587.UI-293";
				PRODUCT_NAME = "UI-293";
				SDKROOT = macosx;
				SWIFT_EMIT_LOC_STRINGS = YES;
				SWIFT_VERSION = 5.0;
			};
			name = Release;
		};
		47FEEF7026D50D2600D03011 /* Debug */ = {
			isa = XCBuildConfiguration;
			buildSettings = {
				ALWAYS_EMBED_SWIFT_STANDARD_LIBRARIES = YES;
				CODE_SIGN_STYLE = Automatic;
				CURRENT_PROJECT_VERSION = 1;
				DEVELOPMENT_TEAM = 8CL4U468K5;
				GENERATE_INFOPLIST_FILE = YES;
				IPHONEOS_DEPLOYMENT_TARGET = 15.0;
				LD_RUNPATH_SEARCH_PATHS = (
					"$(inherited)",
					"@executable_path/Frameworks",
					"@loader_path/Frameworks",
				);
				MARKETING_VERSION = 1.0;
				PRODUCT_BUNDLE_IDENTIFIER = "com.587.Tests-iOS";
				PRODUCT_NAME = "$(TARGET_NAME)";
				SDKROOT = iphoneos;
				SWIFT_EMIT_LOC_STRINGS = NO;
				SWIFT_VERSION = 5.0;
				TARGETED_DEVICE_FAMILY = "1,2";
				TEST_TARGET_NAME = "UI-293 (iOS)";
			};
			name = Debug;
		};
		47FEEF7126D50D2600D03011 /* Release */ = {
			isa = XCBuildConfiguration;
			buildSettings = {
				ALWAYS_EMBED_SWIFT_STANDARD_LIBRARIES = YES;
				CODE_SIGN_STYLE = Automatic;
				CURRENT_PROJECT_VERSION = 1;
				DEVELOPMENT_TEAM = 8CL4U468K5;
				GENERATE_INFOPLIST_FILE = YES;
				IPHONEOS_DEPLOYMENT_TARGET = 15.0;
				LD_RUNPATH_SEARCH_PATHS = (
					"$(inherited)",
					"@executable_path/Frameworks",
					"@loader_path/Frameworks",
				);
				MARKETING_VERSION = 1.0;
				PRODUCT_BUNDLE_IDENTIFIER = "com.587.Tests-iOS";
				PRODUCT_NAME = "$(TARGET_NAME)";
				SDKROOT = iphoneos;
				SWIFT_EMIT_LOC_STRINGS = NO;
				SWIFT_VERSION = 5.0;
				TARGETED_DEVICE_FAMILY = "1,2";
				TEST_TARGET_NAME = "UI-293 (iOS)";
				VALIDATE_PRODUCT = YES;
			};
			name = Release;
		};
		47FEEF7326D50D2600D03011 /* Debug */ = {
			isa = XCBuildConfiguration;
			buildSettings = {
				ALWAYS_EMBED_SWIFT_STANDARD_LIBRARIES = YES;
				CODE_SIGN_STYLE = Automatic;
				COMBINE_HIDPI_IMAGES = YES;
				CURRENT_PROJECT_VERSION = 1;
				DEVELOPMENT_TEAM = 8CL4U468K5;
				GENERATE_INFOPLIST_FILE = YES;
				LD_RUNPATH_SEARCH_PATHS = (
					"$(inherited)",
					"@executable_path/../Frameworks",
					"@loader_path/../Frameworks",
				);
				MACOSX_DEPLOYMENT_TARGET = 11.5;
				MARKETING_VERSION = 1.0;
				PRODUCT_BUNDLE_IDENTIFIER = "com.587.Tests-macOS";
				PRODUCT_NAME = "$(TARGET_NAME)";
				SDKROOT = macosx;
				SWIFT_EMIT_LOC_STRINGS = NO;
				SWIFT_VERSION = 5.0;
				TEST_TARGET_NAME = "UI-293 (macOS)";
			};
			name = Debug;
		};
		47FEEF7426D50D2600D03011 /* Release */ = {
			isa = XCBuildConfiguration;
			buildSettings = {
				ALWAYS_EMBED_SWIFT_STANDARD_LIBRARIES = YES;
				CODE_SIGN_STYLE = Automatic;
				COMBINE_HIDPI_IMAGES = YES;
				CURRENT_PROJECT_VERSION = 1;
				DEVELOPMENT_TEAM = 8CL4U468K5;
				GENERATE_INFOPLIST_FILE = YES;
				LD_RUNPATH_SEARCH_PATHS = (
					"$(inherited)",
					"@executable_path/../Frameworks",
					"@loader_path/../Frameworks",
				);
				MACOSX_DEPLOYMENT_TARGET = 11.5;
				MARKETING_VERSION = 1.0;
				PRODUCT_BUNDLE_IDENTIFIER = "com.587.Tests-macOS";
				PRODUCT_NAME = "$(TARGET_NAME)";
				SDKROOT = macosx;
				SWIFT_EMIT_LOC_STRINGS = NO;
				SWIFT_VERSION = 5.0;
				TEST_TARGET_NAME = "UI-293 (macOS)";
			};
			name = Release;
		};
/* End XCBuildConfiguration section */

/* Begin XCConfigurationList section */
		47FEEF3926D50D2400D03011 /* Build configuration list for PBXProject "UI-293" */ = {
			isa = XCConfigurationList;
			buildConfigurations = (
				47FEEF6726D50D2600D03011 /* Debug */,
				47FEEF6826D50D2600D03011 /* Release */,
			);
			defaultConfigurationIsVisible = 0;
			defaultConfigurationName = Release;
		};
		47FEEF6926D50D2600D03011 /* Build configuration list for PBXNativeTarget "UI-293 (iOS)" */ = {
			isa = XCConfigurationList;
			buildConfigurations = (
				47FEEF6A26D50D2600D03011 /* Debug */,
				47FEEF6B26D50D2600D03011 /* Release */,
			);
			defaultConfigurationIsVisible = 0;
			defaultConfigurationName = Release;
		};
		47FEEF6C26D50D2600D03011 /* Build configuration list for PBXNativeTarget "UI-293 (macOS)" */ = {
			isa = XCConfigurationList;
			buildConfigurations = (
				47FEEF6D26D50D2600D03011 /* Debug */,
				47FEEF6E26D50D2600D03011 /* Release */,
			);
			defaultConfigurationIsVisible = 0;
			defaultConfigurationName = Release;
		};
		47FEEF6F26D50D2600D03011 /* Build configuration list for PBXNativeTarget "Tests iOS" */ = {
			isa = XCConfigurationList;
			buildConfigurations = (
				47FEEF7026D50D2600D03011 /* Debug */,
				47FEEF7126D50D2600D03011 /* Release */,
			);
			defaultConfigurationIsVisible = 0;
			defaultConfigurationName = Release;
		};
		47FEEF7226D50D2600D03011 /* Build configuration list for PBXNativeTarget "Tests macOS" */ = {
			isa = XCConfigurationList;
			buildConfigurations = (
				47FEEF7326D50D2600D03011 /* Debug */,
				47FEEF7426D50D2600D03011 /* Release */,
			);
			defaultConfigurationIsVisible = 0;
			defaultConfigurationName = Release;
		};
/* End XCConfigurationList section */
	};
	rootObject = 47FEEF3626D50D2400D03011 /* Project object */;
}
